
Microsoft Visual Studio Solution File, Format Version 12.00
# Visual Studio 15
VisualStudioVersion = 15.0.27428.2037
MinimumVisualStudioVersion = 10.0.40219.1
Project("{FAE04EC0-301F-11D3-BF4B-00C04F79EFBC}") = "MVCOyun", "MVCOyun\MVCOyun.csproj", "{472475E5-13E9-485B-9479-CE9EBB51BEEC}"
EndProject
Global
	GlobalSection(SolutionConfigurationPlatforms) = preSolution
		Debug|Any CPU = Debug|Any CPU
		Release|Any CPU = Release|Any CPU
	EndGlobalSection
	GlobalSection(ProjectConfigurationPlatforms) = postSolution
		{472475E5-13E9-485B-9479-CE9EBB51BEEC}.Debug|Any CPU.ActiveCfg = Debug|Any CPU
		{472475E5-13E9-485B-9479-CE9EBB51BEEC}.Debug|Any CPU.Build.0 = Debug|Any CPU
		{472475E5-13E9-485B-9479-CE9EBB51BEEC}.Release|Any CPU.ActiveCfg = Release|Any CPU
		{472475E5-13E9-485B-9479-CE9EBB51BEEC}.Release|Any CPU.Build.0 = Release|Any CPU
	EndGlobalSection
	GlobalSection(SolutionProperties) = preSolution
		HideSolutionNode = FALSE
	EndGlobalSection
	GlobalSection(ExtensibilityGlobals) = postSolution
		SolutionGuid = {CAD5481F-8AAD-46DD-A6EE-27C555C2DB9F}
	EndGlobalSection
EndGlobal
